{
    "_meta": {
        "hash": {
            "sha256": "cf59ca9eac1cfadde323b17c7f779a96852ec59f96e42a9841677fca4c02c0ed"
        },
        "pipfile-spec": 6,
        "requires": {
            "python_version": "3.10"
        },
        "sources": [
            {
                "name": "pypi",
                "url": "https://pypi.org/simple",
                "verify_ssl": true
            }
        ]
    },
    "default": {
        "bleach": {
            "hashes": [
                "sha256:1a1a85c1595e07d8db14c5f09f09e6433502c51c595970edc090551f0db99414",
                "sha256:33c16e3353dbd13028ab4799a0f89a83f113405c766e9c122df8a06f5b85b3f4"
            ],
            "markers": "python_version >= '3.7'",
            "version": "==6.0.0"
        },
        "certifi": {
            "hashes": [
                "sha256:539cc1d13202e33ca466e88b2807e29f4c13049d6d87031a3c110744495cb082",
                "sha256:92d6037539857d8206b8f6ae472e8b77db8058fec5937a1ef3f54304089edbb9"
            ],
            "markers": "python_version >= '3.6'",
            "version": "==2023.7.22"
        },
        "charset-normalizer": {
            "hashes": [
                "sha256:02673e456dc5ab13659f85196c534dc596d4ef260e4d86e856c3b2773ce09843",
                "sha256:02af06682e3590ab952599fbadac535ede5d60d78848e555aa58d0c0abbde786",
                "sha256:03680bb39035fbcffe828eae9c3f8afc0428c91d38e7d61aa992ef7a59fb120e",
                "sha256:0570d21da019941634a531444364f2482e8db0b3425fcd5ac0c36565a64142c8",
                "sha256:09c77f964f351a7369cc343911e0df63e762e42bac24cd7d18525961c81754f4",
                "sha256:0d3d5b7db9ed8a2b11a774db2bbea7ba1884430a205dbd54a32d61d7c2a190fa",
                "sha256:1063da2c85b95f2d1a430f1c33b55c9c17ffaf5e612e10aeaad641c55a9e2b9d",
                "sha256:12ebea541c44fdc88ccb794a13fe861cc5e35d64ed689513a5c03d05b53b7c82",
                "sha256:153e7b6e724761741e0974fc4dcd406d35ba70b92bfe3fedcb497226c93b9da7",
                "sha256:15b26ddf78d57f1d143bdf32e820fd8935d36abe8a25eb9ec0b5a71c82eb3895",
                "sha256:1872d01ac8c618a8da634e232f24793883d6e456a66593135aeafe3784b0848d",
                "sha256:187d18082694a29005ba2944c882344b6748d5be69e3a89bf3cc9d878e548d5a",
                "sha256:1b2919306936ac6efb3aed1fbf81039f7087ddadb3160882a57ee2ff74fd2382",
                "sha256:232ac332403e37e4a03d209a3f92ed9071f7d3dbda70e2a5e9cff1c4ba9f0678",
                "sha256:23e8565ab7ff33218530bc817922fae827420f143479b753104ab801145b1d5b",
                "sha256:24817cb02cbef7cd499f7c9a2735286b4782bd47a5b3516a0e84c50eab44b98e",
                "sha256:249c6470a2b60935bafd1d1d13cd613f8cd8388d53461c67397ee6a0f5dce741",
                "sha256:24a91a981f185721542a0b7c92e9054b7ab4fea0508a795846bc5b0abf8118d4",
                "sha256:2502dd2a736c879c0f0d3e2161e74d9907231e25d35794584b1ca5284e43f596",
                "sha256:250c9eb0f4600361dd80d46112213dff2286231d92d3e52af1e5a6083d10cad9",
                "sha256:278c296c6f96fa686d74eb449ea1697f3c03dc28b75f873b65b5201806346a69",
                "sha256:2935ffc78db9645cb2086c2f8f4cfd23d9b73cc0dc80334bc30aac6f03f68f8c",
                "sha256:2f4a0033ce9a76e391542c182f0d48d084855b5fcba5010f707c8e8c34663d77",
                "sha256:30a85aed0b864ac88309b7d94be09f6046c834ef60762a8833b660139cfbad13",
                "sha256:380c4bde80bce25c6e4f77b19386f5ec9db230df9f2f2ac1e5ad7af2caa70459",
                "sha256:3ae38d325b512f63f8da31f826e6cb6c367336f95e418137286ba362925c877e",
                "sha256:3b447982ad46348c02cb90d230b75ac34e9886273df3a93eec0539308a6296d7",
                "sha256:3debd1150027933210c2fc321527c2299118aa929c2f5a0a80ab6953e3bd1908",
                "sha256:4162918ef3098851fcd8a628bf9b6a98d10c380725df9e04caf5ca6dd48c847a",
                "sha256:468d2a840567b13a590e67dd276c570f8de00ed767ecc611994c301d0f8c014f",
                "sha256:4cc152c5dd831641e995764f9f0b6589519f6f5123258ccaca8c6d34572fefa8",
                "sha256:542da1178c1c6af8873e143910e2269add130a299c9106eef2594e15dae5e482",
                "sha256:557b21a44ceac6c6b9773bc65aa1b4cc3e248a5ad2f5b914b91579a32e22204d",
                "sha256:5707a746c6083a3a74b46b3a631d78d129edab06195a92a8ece755aac25a3f3d",
                "sha256:588245972aca710b5b68802c8cad9edaa98589b1b42ad2b53accd6910dad3545",
                "sha256:5adf257bd58c1b8632046bbe43ee38c04e1038e9d37de9c57a94d6bd6ce5da34",
                "sha256:619d1c96099be5823db34fe89e2582b336b5b074a7f47f819d6b3a57ff7bdb86",
                "sha256:63563193aec44bce707e0c5ca64ff69fa72ed7cf34ce6e11d5127555756fd2f6",
                "sha256:67b8cc9574bb518ec76dc8e705d4c39ae78bb96237cb533edac149352c1f39fe",
                "sha256:6a685067d05e46641d5d1623d7c7fdf15a357546cbb2f71b0ebde91b175ffc3e",
                "sha256:70f1d09c0d7748b73290b29219e854b3207aea922f839437870d8cc2168e31cc",
                "sha256:750b446b2ffce1739e8578576092179160f6d26bd5e23eb1789c4d64d5af7dc7",
                "sha256:7966951325782121e67c81299a031f4c115615e68046f79b85856b86ebffc4cd",
                "sha256:7b8b8bf1189b3ba9b8de5c8db4d541b406611a71a955bbbd7385bbc45fcb786c",
                "sha256:7f5d10bae5d78e4551b7be7a9b29643a95aded9d0f602aa2ba584f0388e7a557",
                "sha256:805dfea4ca10411a5296bcc75638017215a93ffb584c9e344731eef0dcfb026a",
                "sha256:81bf654678e575403736b85ba3a7867e31c2c30a69bc57fe88e3ace52fb17b89",
                "sha256:82eb849f085624f6a607538ee7b83a6d8126df6d2f7d3b319cb837b289123078",
                "sha256:85a32721ddde63c9df9ebb0d2045b9691d9750cb139c161c80e500d210f5e26e",
                "sha256:86d1f65ac145e2c9ed71d8ffb1905e9bba3a91ae29ba55b4c46ae6fc31d7c0d4",
                "sha256:86f63face3a527284f7bb8a9d4f78988e3c06823f7bea2bd6f0e0e9298ca0403",
                "sha256:8eaf82f0eccd1505cf39a45a6bd0a8cf1c70dcfc30dba338207a969d91b965c0",
                "sha256:93aa7eef6ee71c629b51ef873991d6911b906d7312c6e8e99790c0f33c576f89",
                "sha256:96c2b49eb6a72c0e4991d62406e365d87067ca14c1a729a870d22354e6f68115",
                "sha256:9cf3126b85822c4e53aa28c7ec9869b924d6fcfb76e77a45c44b83d91afd74f9",
                "sha256:9fe359b2e3a7729010060fbca442ca225280c16e923b37db0e955ac2a2b72a05",
                "sha256:a0ac5e7015a5920cfce654c06618ec40c33e12801711da6b4258af59a8eff00a",
                "sha256:a3f93dab657839dfa61025056606600a11d0b696d79386f974e459a3fbc568ec",
                "sha256:a4b71f4d1765639372a3b32d2638197f5cd5221b19531f9245fcc9ee62d38f56",
                "sha256:aae32c93e0f64469f74ccc730a7cb21c7610af3a775157e50bbd38f816536b38",
                "sha256:aaf7b34c5bc56b38c931a54f7952f1ff0ae77a2e82496583b247f7c969eb1479",
                "sha256:abecce40dfebbfa6abf8e324e1860092eeca6f7375c8c4e655a8afb61af58f2c",
                "sha256:abf0d9f45ea5fb95051c8bfe43cb40cda383772f7e5023a83cc481ca2604d74e",
                "sha256:ac71b2977fb90c35d41c9453116e283fac47bb9096ad917b8819ca8b943abecd",
                "sha256:ada214c6fa40f8d800e575de6b91a40d0548139e5dc457d2ebb61470abf50186",
                "sha256:b09719a17a2301178fac4470d54b1680b18a5048b481cb8890e1ef820cb80455",
                "sha256:b1121de0e9d6e6ca08289583d7491e7fcb18a439305b34a30b20d8215922d43c",
                "sha256:b3b2316b25644b23b54a6f6401074cebcecd1244c0b8e80111c9a3f1c8e83d65",
                "sha256:b3d9b48ee6e3967b7901c052b670c7dda6deb812c309439adaffdec55c6d7b78",
                "sha256:b5bcf60a228acae568e9911f410f9d9e0d43197d030ae5799e20dca8df588287",
                "sha256:b8f3307af845803fb0b060ab76cf6dd3a13adc15b6b451f54281d25911eb92df",
                "sha256:c2af80fb58f0f24b3f3adcb9148e6203fa67dd3f61c4af146ecad033024dde43",
                "sha256:c350354efb159b8767a6244c166f66e67506e06c8924ed74669b2c70bc8735b1",
                "sha256:c5a74c359b2d47d26cdbbc7845e9662d6b08a1e915eb015d044729e92e7050b7",
                "sha256:c71f16da1ed8949774ef79f4a0260d28b83b3a50c6576f8f4f0288d109777989",
                "sha256:d47ecf253780c90ee181d4d871cd655a789da937454045b17b5798da9393901a",
                "sha256:d7eff0f27edc5afa9e405f7165f85a6d782d308f3b6b9d96016c010597958e63",
                "sha256:d97d85fa63f315a8bdaba2af9a6a686e0eceab77b3089af45133252618e70884",
                "sha256:db756e48f9c5c607b5e33dd36b1d5872d0422e960145b08ab0ec7fd420e9d649",
                "sha256:dc45229747b67ffc441b3de2f3ae5e62877a282ea828a5bdb67883c4ee4a8810",
                "sha256:e0fc42822278451bc13a2e8626cf2218ba570f27856b536e00cfa53099724828",
                "sha256:e39c7eb31e3f5b1f88caff88bcff1b7f8334975b46f6ac6e9fc725d829bc35d4",
                "sha256:e46cd37076971c1040fc8c41273a8b3e2c624ce4f2be3f5dfcb7a430c1d3acc2",
                "sha256:e5c1502d4ace69a179305abb3f0bb6141cbe4714bc9b31d427329a95acfc8bdd",
                "sha256:edfe077ab09442d4ef3c52cb1f9dab89bff02f4524afc0acf2d46be17dc479f5",
                "sha256:effe5406c9bd748a871dbcaf3ac69167c38d72db8c9baf3ff954c344f31c4cbe",
                "sha256:f0d1e3732768fecb052d90d62b220af62ead5748ac51ef61e7b32c266cac9293",
                "sha256:f5969baeaea61c97efa706b9b107dcba02784b1601c74ac84f2a532ea079403e",
                "sha256:f8888e31e3a85943743f8fc15e71536bda1c81d5aa36d014a3c0c44481d7db6e",
                "sha256:fc52b79d83a3fe3a360902d3f5d79073a993597d48114c29485e9431092905d8"
            ],
            "markers": "python_full_version >= '3.7.0'",
            "version": "==3.3.0"
        },
        "click": {
            "hashes": [
                "sha256:ae74fb96c20a0277a1d615f1e4d73c8414f5a98db8b799a7931d1582f3390c28",
                "sha256:ca9853ad459e787e2192211578cc907e7594e294c7ccc834310722b41b9ca6de"
            ],
            "markers": "python_version >= '3.7'",
            "version": "==8.1.7"
        },
        "idna": {
            "hashes": [
                "sha256:814f528e8dead7d329833b91c5faa87d60bf71824cd12a7530b5526063d02cb4",
                "sha256:90b77e79eaa3eba6de819a0c442c0b4ceefc341a7a2ab77d7562bf49f425c5c2"
            ],
            "markers": "python_version >= '3.5'",
            "version": "==3.4"
        },
        "imbalanced-learn": {
            "hashes": [
                "sha256:20dc7dee3c838b4d213f021bb2b4007862704160d06bd292a6bdf931590b2516",
                "sha256:7582ae8858e6db0b92fef97dd08660a18297ee128d78c2abdc006b8bd86b8fdc"
            ],
            "version": "==0.11.0"
        },
        "imblearn": {
            "hashes": [
                "sha256:d42c2d709d22c00d2b9a91e638d57240a8b79b4014122d92181fcd2549a2f79a",
                "sha256:d8fbb662919c1b16f438ad91a8256220e53bcf6815c9ad5502c518b798de34f2"
            ],
            "index": "pypi",
            "version": "==0.0"
        },
        "joblib": {
            "hashes": [
                "sha256:92f865e621e17784e7955080b6d042489e3b8e294949cc44c6eac304f59772b1",
                "sha256:ef4331c65f239985f3f2220ecc87db222f08fd22097a3dd5698f693875f8cbb9"
            ],
            "markers": "python_version >= '3.7'",
            "version": "==1.3.2"
        },
        "kaggle": {
            "hashes": [
                "sha256:a6b3542f590cf341a5ad441d5ae021be93bd64441c96c758b154903495a3a600"
            ],
            "version": "==1.5.16"
        },
        "numpy": {
            "hashes": [
                "sha256:07a8c89a04997625236c5ecb7afe35a02af3896c8aa01890a849913a2309c676",
                "sha256:08d9b008d0156c70dc392bb3ab3abb6e7a711383c3247b410b39962263576cd4",
                "sha256:201b4d0552831f7250a08d3b38de0d989d6f6e4658b709a02a73c524ccc6ffce",
                "sha256:2c10a93606e0b4b95c9b04b77dc349b398fdfbda382d2a39ba5a822f669a0123",
                "sha256:3ca688e1b9b95d80250bca34b11a05e389b1420d00e87a0d12dc45f131f704a1",
                "sha256:48a3aecd3b997bf452a2dedb11f4e79bc5bfd21a1d4cc760e703c31d57c84b3e",
                "sha256:568dfd16224abddafb1cbcce2ff14f522abe037268514dd7e42c6776a1c3f8e5",
                "sha256:5bfb1bb598e8229c2d5d48db1860bcf4311337864ea3efdbe1171fb0c5da515d",
                "sha256:639b54cdf6aa4f82fe37ebf70401bbb74b8508fddcf4797f9fe59615b8c5813a",
                "sha256:8251ed96f38b47b4295b1ae51631de7ffa8260b5b087808ef09a39a9d66c97ab",
                "sha256:92bfa69cfbdf7dfc3040978ad09a48091143cffb778ec3b03fa170c494118d75",
                "sha256:97098b95aa4e418529099c26558eeb8486e66bd1e53a6b606d684d0c3616b168",
                "sha256:a3bae1a2ed00e90b3ba5f7bd0a7c7999b55d609e0c54ceb2b076a25e345fa9f4",
                "sha256:c34ea7e9d13a70bf2ab64a2532fe149a9aced424cd05a2c4ba662fd989e3e45f",
                "sha256:dbc7601a3b7472d559dc7b933b18b4b66f9aa7452c120e87dfb33d02008c8a18",
                "sha256:e7927a589df200c5e23c57970bafbd0cd322459aa7b1ff73b7c2e84d6e3eae62",
                "sha256:f8c1f39caad2c896bc0018f699882b345b2a63708008be29b1f355ebf6f933fe",
                "sha256:f950f8845b480cffe522913d35567e29dd381b0dc7e4ce6a4a9f9156417d2430",
                "sha256:fade0d4f4d292b6f39951b6836d7a3c7ef5b2347f3c420cd9820a1d90d794802",
                "sha256:fdf3c08bce27132395d3c3ba1503cac12e17282358cb4bddc25cc46b0aca07aa"
            ],
            "index": "pypi",
            "version": "==1.22.3"
        },
        "opendatasets": {
            "hashes": [
                "sha256:52b2e0c1cc80d9f44842e3373532d92683f7c0f5c3e72b3f1f3e2750d30da4db",
                "sha256:8d85a6d32fd7831672eddcae366a2488b5b5b5837433c4db02152e38b50e70c9"
            ],
            "index": "pypi",
            "version": "==0.1.22"
        },
        "pandas": {
            "hashes": [
                "sha256:04dbdbaf2e4d46ca8da896e1805bc04eb85caa9a82e259e8eed00254d5e0c682",
                "sha256:1168574b036cd8b93abc746171c9b4f1b83467438a5e45909fed645cf8692dbc",
                "sha256:1994c789bf12a7c5098277fb43836ce090f1073858c10f9220998ac74f37c69b",
                "sha256:258d3624b3ae734490e4d63c430256e716f488c4fcb7c8e9bde2d3aa46c29089",
                "sha256:32fca2ee1b0d93dd71d979726b12b61faa06aeb93cf77468776287f41ff8fdc5",
                "sha256:37673e3bdf1551b95bf5d4ce372b37770f9529743d2498032439371fc7b7eb26",
                "sha256:3ef285093b4fe5058eefd756100a367f27029913760773c8bf1d2d8bebe5d210",
                "sha256:5247fb1ba347c1261cbbf0fcfba4a3121fbb4029d95d9ef4dc45406620b25c8b",
                "sha256:5ec591c48e29226bcbb316e0c1e9423622bc7a4eaf1ef7c3c9fa1a3981f89641",
                "sha256:694888a81198786f0e164ee3a581df7d505024fbb1f15202fc7db88a71d84ebd",
                "sha256:69d7f3884c95da3a31ef82b7618af5710dba95bb885ffab339aad925c3e8ce78",
                "sha256:6a21ab5c89dcbd57f78d0ae16630b090eec626360085a4148693def5452d8a6b",
                "sha256:81af086f4543c9d8bb128328b5d32e9986e0c84d3ee673a2ac6fb57fd14f755e",
                "sha256:9e4da0d45e7f34c069fe4d522359df7d23badf83abc1d1cef398895822d11061",
                "sha256:9eae3dc34fa1aa7772dd3fc60270d13ced7346fcbcfee017d3132ec625e23bb0",
                "sha256:9ee1a69328d5c36c98d8e74db06f4ad518a1840e8ccb94a4ba86920986bb617e",
                "sha256:b084b91d8d66ab19f5bb3256cbd5ea661848338301940e17f4492b2ce0801fe8",
                "sha256:b9cb1e14fdb546396b7e1b923ffaeeac24e4cedd14266c3497216dd4448e4f2d",
                "sha256:ba619e410a21d8c387a1ea6e8a0e49bb42216474436245718d7f2e88a2f8d7c0",
                "sha256:c02f372a88e0d17f36d3093a644c73cfc1788e876a7c4bcb4020a77512e2043c",
                "sha256:ce0c6f76a0f1ba361551f3e6dceaff06bde7514a374aa43e33b588ec10420183",
                "sha256:d9cd88488cceb7635aebb84809d087468eb33551097d600c6dad13602029c2df",
                "sha256:e4c7c9f27a4185304c7caf96dc7d91bc60bc162221152de697c98eb0b2648dd8",
                "sha256:f167beed68918d62bffb6ec64f2e1d8a7d297a038f86d4aed056b9493fca407f",
                "sha256:f3421a7afb1a43f7e38e82e844e2bca9a6d793d66c1a7f9f0ff39a795bbc5e02"
            ],
            "index": "pypi",
            "version": "==2.0.3"
        },
        "pika": {
            "hashes": [
                "sha256:0779a7c1fafd805672796085560d290213a465e4f6f76a6fb19e378d8041a14f",
                "sha256:b2a327ddddf8570b4965b3576ac77091b850262d34ce8c1d8cb4e4146aa4145f"
            ],
            "index": "pypi",
            "version": "==1.3.2"
        },
        "pyaml": {
            "hashes": [
                "sha256:581ea4e99f0e308864407e04c03c609241aefa3a15dfba8964da7644baf3b217",
                "sha256:fdb4c111b676d2381d1aa88c378fcde46c167575dfd688e656977a77075b692c"
            ],
            "markers": "python_version >= '3.8'",
            "version": "==23.9.7"
        },
        "python-dateutil": {
            "hashes": [
                "sha256:0123cacc1627ae19ddf3c27a5de5bd67ee4586fbdd6440d9748f8abb483d3e86",
                "sha256:961d03dc3453ebbc59dbdea9e4e11c5651520a876d0f4db161e8674aae935da9"
            ],
            "markers": "python_version >= '2.7' and python_version not in '3.0, 3.1, 3.2, 3.3'",
            "version": "==2.8.2"
        },
        "python-slugify": {
            "hashes": [
                "sha256:70ca6ea68fe63ecc8fa4fcf00ae651fc8a5d02d93dcd12ae6d4fc7ca46c4d395",
                "sha256:ce0d46ddb668b3be82f4ed5e503dbc33dd815d83e2eb6824211310d3fb172a27"
            ],
            "markers": "python_version >= '3.7'",
            "version": "==8.0.1"
        },
        "pytz": {
            "hashes": [
                "sha256:7b4fddbeb94a1eba4b557da24f19fdf9db575192544270a9101d8509f9f43d7b",
                "sha256:ce42d816b81b68506614c11e8937d3aa9e41007ceb50bfdcb0749b921bf646c7"
            ],
            "version": "==2023.3.post1"
        },
        "pyyaml": {
            "hashes": [
                "sha256:04ac92ad1925b2cff1db0cfebffb6ffc43457495c9b3c39d3fcae417d7125dc5",
                "sha256:062582fca9fabdd2c8b54a3ef1c978d786e0f6b3a1510e0ac93ef59e0ddae2bc",
                "sha256:0d3304d8c0adc42be59c5f8a4d9e3d7379e6955ad754aa9d6ab7a398b59dd1df",
                "sha256:1635fd110e8d85d55237ab316b5b011de701ea0f29d07611174a1b42f1444741",
                "sha256:184c5108a2aca3c5b3d3bf9395d50893a7ab82a38004c8f61c258d4428e80206",
                "sha256:18aeb1bf9a78867dc38b259769503436b7c72f7a1f1f4c93ff9a17de54319b27",
                "sha256:1d4c7e777c441b20e32f52bd377e0c409713e8bb1386e1099c2415f26e479595",
                "sha256:1e2722cc9fbb45d9b87631ac70924c11d3a401b2d7f410cc0e3bbf249f2dca62",
                "sha256:1fe35611261b29bd1de0070f0b2f47cb6ff71fa6595c077e42bd0c419fa27b98",
                "sha256:28c119d996beec18c05208a8bd78cbe4007878c6dd15091efb73a30e90539696",
                "sha256:326c013efe8048858a6d312ddd31d56e468118ad4cdeda36c719bf5bb6192290",
                "sha256:40df9b996c2b73138957fe23a16a4f0ba614f4c0efce1e9406a184b6d07fa3a9",
                "sha256:42f8152b8dbc4fe7d96729ec2b99c7097d656dc1213a3229ca5383f973a5ed6d",
                "sha256:49a183be227561de579b4a36efbb21b3eab9651dd81b1858589f796549873dd6",
                "sha256:4fb147e7a67ef577a588a0e2c17b6db51dda102c71de36f8549b6816a96e1867",
                "sha256:50550eb667afee136e9a77d6dc71ae76a44df8b3e51e41b77f6de2932bfe0f47",
                "sha256:510c9deebc5c0225e8c96813043e62b680ba2f9c50a08d3724c7f28a747d1486",
                "sha256:5773183b6446b2c99bb77e77595dd486303b4faab2b086e7b17bc6bef28865f6",
                "sha256:596106435fa6ad000c2991a98fa58eeb8656ef2325d7e158344fb33864ed87e3",
                "sha256:6965a7bc3cf88e5a1c3bd2e0b5c22f8d677dc88a455344035f03399034eb3007",
                "sha256:69b023b2b4daa7548bcfbd4aa3da05b3a74b772db9e23b982788168117739938",
                "sha256:6c22bec3fbe2524cde73d7ada88f6566758a8f7227bfbf93a408a9d86bcc12a0",
                "sha256:704219a11b772aea0d8ecd7058d0082713c3562b4e271b849ad7dc4a5c90c13c",
                "sha256:7e07cbde391ba96ab58e532ff4803f79c4129397514e1413a7dc761ccd755735",
                "sha256:81e0b275a9ecc9c0c0c07b4b90ba548307583c125f54d5b6946cfee6360c733d",
                "sha256:855fb52b0dc35af121542a76b9a84f8d1cd886ea97c84703eaa6d88e37a2ad28",
                "sha256:8d4e9c88387b0f5c7d5f281e55304de64cf7f9c0021a3525bd3b1c542da3b0e4",
                "sha256:9046c58c4395dff28dd494285c82ba00b546adfc7ef001486fbf0324bc174fba",
                "sha256:9eb6caa9a297fc2c2fb8862bc5370d0303ddba53ba97e71f08023b6cd73d16a8",
                "sha256:a0cd17c15d3bb3fa06978b4e8958dcdc6e0174ccea823003a106c7d4d7899ac5",
                "sha256:afd7e57eddb1a54f0f1a974bc4391af8bcce0b444685d936840f125cf046d5bd",
                "sha256:b1275ad35a5d18c62a7220633c913e1b42d44b46ee12554e5fd39c70a243d6a3",
                "sha256:b786eecbdf8499b9ca1d697215862083bd6d2a99965554781d0d8d1ad31e13a0",
                "sha256:ba336e390cd8e4d1739f42dfe9bb83a3cc2e80f567d8805e11b46f4a943f5515",
                "sha256:baa90d3f661d43131ca170712d903e6295d1f7a0f595074f151c0aed377c9b9c",
                "sha256:bc1bf2925a1ecd43da378f4db9e4f799775d6367bdb94671027b73b393a7c42c",
                "sha256:bd4af7373a854424dabd882decdc5579653d7868b8fb26dc7d0e99f823aa5924",
                "sha256:bf07ee2fef7014951eeb99f56f39c9bb4af143d8aa3c21b1677805985307da34",
                "sha256:bfdf460b1736c775f2ba9f6a92bca30bc2095067b8a9d77876d1fad6cc3b4a43",
                "sha256:c8098ddcc2a85b61647b2590f825f3db38891662cfc2fc776415143f599bb859",
                "sha256:d2b04aac4d386b172d5b9692e2d2da8de7bfb6c387fa4f801fbf6fb2e6ba4673",
                "sha256:d483d2cdf104e7c9fa60c544d92981f12ad66a457afae824d146093b8c294c54",
                "sha256:d858aa552c999bc8a8d57426ed01e40bef403cd8ccdd0fc5f6f04a00414cac2a",
                "sha256:e7d73685e87afe9f3b36c799222440d6cf362062f78be1013661b00c5c6f678b",
                "sha256:f003ed9ad21d6a4713f0a9b5a7a0a79e08dd0f221aff4525a2be4c346ee60aab",
                "sha256:f22ac1c3cac4dbc50079e965eba2c1058622631e526bd9afd45fedd49ba781fa",
                "sha256:faca3bdcf85b2fc05d06ff3fbc1f83e1391b3e724afa3feba7d13eeab355484c",
                "sha256:fca0e3a251908a499833aa292323f32437106001d436eca0e6e7833256674585",
                "sha256:fd1592b3fdf65fff2ad0004b5e363300ef59ced41c2e6b3a99d4089fa8c5435d",
                "sha256:fd66fc5d0da6d9815ba2cebeb4205f95818ff4b79c3ebe268e75d961704af52f"
            ],
            "markers": "python_version >= '3.6'",
            "version": "==6.0.1"
        },
        "requests": {
            "hashes": [
                "sha256:58cd2187c01e70e6e26505bca751777aa9f2ee0b7f4300988b709f44e013003f",
                "sha256:942c5a758f98d790eaed1a29cb6eefc7ffb0d1cf7af05c3d2791656dbd6ad1e1"
            ],
            "markers": "python_version >= '3.7'",
            "version": "==2.31.0"
        },
        "scikit-learn": {
            "hashes": [
                "sha256:0c275a06c5190c5ce00af0acbb61c06374087949f643ef32d355ece12c4db043",
                "sha256:0ce9233cdf0cdcf0858a5849d306490bf6de71fa7603a3835124e386e62f2311",
                "sha256:0e1aa8f206d0de814b81b41d60c1ce31f7f2c7354597af38fae46d9c47c45122",
                "sha256:14e8775eba072ab10866a7e0596bc9906873e22c4c370a651223372eb62de180",
                "sha256:1a231cced3ee3fa04756b4a7ab532dc9417acd581a330adff5f2c01ac2831fcf",
                "sha256:1ec668ce003a5b3d12d020d2cde0abd64b262ac5f098b5c84cf9657deb9996a8",
                "sha256:3153612ff8d36fa4e35ef8b897167119213698ea78f3fd130b4068e6f8d2da5a",
                "sha256:4d379f2b34096105a96bd857b88601dffe7389bd55750f6f29aaa37bc6272eb5",
                "sha256:52b77cc08bd555969ec5150788ed50276f5ef83abb72e6f469c5b91a0009bbca",
                "sha256:58b0c2490eff8355dc26e884487bf8edaccf2ba48d09b194fb2f3a026dd64f9d",
                "sha256:66f7bb1fec37d65f4ef85953e1df5d3c98a0f0141d394dcdaead5a6de9170347",
                "sha256:6bb9490fdb8e7e00f1354621689187bef3cab289c9b869688f805bf724434755",
                "sha256:7d8dee8c1f40eeba49a85fe378bdf70a07bb64aba1a08fda1e0f48d27edfc3e6",
                "sha256:8454d57a22d856f1fbf3091bd86f9ebd4bff89088819886dc0c72f47a6c30652",
                "sha256:845f81c7ceb4ea6bac64ab1c9f2ce8bef0a84d0f21f3bece2126adcc213dfecd",
                "sha256:8d993fb70a1d78c9798b8f2f28705bfbfcd546b661f9e2e67aa85f81052b9c53",
                "sha256:9147a3a4df4d401e618713880be023e36109c85d8569b3bf5377e6cd3fecdeac",
                "sha256:a15d964d9eb181c79c190d3dbc2fff7338786bf017e9039571418a1d53dab236",
                "sha256:a683394bc3f80b7c312c27f9b14ebea7766b1f0a34faf1a2e9158d80e860ec26",
                "sha256:a7135a03af71138669f19bc96e7d0cc8081aed4b3565cc3b131135d65fc642ba",
                "sha256:c413c2c850241998168bbb3bd1bb59ff03b1195a53864f0b80ab092071af6028",
                "sha256:c6448c37741145b241eeac617028ba6ec2119e1339b1385c9720dae31367f2be",
                "sha256:ccbbedae99325628c1d1cbe3916b7ef58a1ce949672d8d39c8b190e10219fd32",
                "sha256:d2cd3634695ad192bf71645702b3df498bd1e246fc2d529effdb45a06ab028b4",
                "sha256:ef540e09873e31569bc8b02c8a9f745ee04d8e1263255a15c9969f6f5caa627f",
                "sha256:f66eddfda9d45dd6cadcd706b65669ce1df84b8549875691b1f403730bdef217"
            ],
            "index": "pypi",
            "version": "==1.3.1"
        },
        "scikit-optimize": {
            "hashes": [
                "sha256:5a439a18232381fad4bda78e914b616416720708e67f123498d14bd2842d861a",
                "sha256:77d8c9e64947fc9f5cc05bbc6aed7b8a9907871ae26fe11997fd67be90f26008"
            ],
            "index": "pypi",
            "version": "==0.9.0"
        },
        "scipy": {
            "hashes": [
                "sha256:00f325434b6424952fbb636506f0567898dca7b0f7654d48f1c382ea338ce9a3",
                "sha256:033c3fd95d55012dd1148b201b72ae854d5086d25e7c316ec9850de4fe776929",
                "sha256:0d3a136ae1ff0883fffbb1b05b0b2fea251cb1046a5077d0b435a1839b3e52b7",
                "sha256:15f237e890c24aef6891c7d008f9ff7e758c6ef39a2b5df264650eb7900403c0",
                "sha256:370f569c57e1d888304052c18e58f4a927338eafdaef78613c685ca2ea0d1fa0",
                "sha256:3e1a8a4657673bfae1e05e1e1d6e94b0cabe5ed0c7c144c8aa7b7dbb774ce5c1",
                "sha256:4b4bb134c7aa457e26cc6ea482b016fef45db71417d55cc6d8f43d799cdf9ef2",
                "sha256:5305792c7110e32ff155aed0df46aa60a60fc6e52cd4ee02cdeb67eaccd5356e",
                "sha256:5664e364f90be8219283eeb844323ff8cd79d7acbd64e15eb9c46b9bc7f6a42a",
                "sha256:5f290cf561a4b4edfe8d1001ee4be6da60c1c4ea712985b58bf6bc62badee221",
                "sha256:74e89dc5e00201e71dd94f5f382ab1c6a9f3ff806c7d24e4e90928bb1aafb280",
                "sha256:7abda0e62ef00cde826d441485e2e32fe737bdddee3324e35c0e01dee65e2a88",
                "sha256:90271dbde4be191522b3903fc97334e3956d7cfb9cce3f0718d0ab4fd7d8bfd6",
                "sha256:91770cb3b1e81ae19463b3c235bf1e0e330767dca9eb4cd73ba3ded6c4151e4d",
                "sha256:925c6f09d0053b1c0f90b2d92d03b261e889b20d1c9b08a3a51f61afc5f58165",
                "sha256:9885e3e4f13b2bd44aaf2a1a6390a11add9f48d5295f7a592393ceb8991577a3",
                "sha256:9ea7f579182d83d00fed0e5c11a4aa5ffe01460444219dedc448a36adf0c3917",
                "sha256:a63d1ec9cadecce838467ce0631c17c15c7197ae61e49429434ba01d618caa83",
                "sha256:bae66a2d7d5768eaa33008fa5a974389f167183c87bf39160d3fefe6664f8ddc",
                "sha256:bba4d955f54edd61899776bad459bf7326e14b9fa1c552181f0479cc60a568cd",
                "sha256:c77da50c9a91e23beb63c2a711ef9e9ca9a2060442757dffee34ea41847d8156",
                "sha256:d2f6dee6cbb0e263b8142ed587bc93e3ed5e777f1f75448d24fb923d9fd4dce6",
                "sha256:dfcc1552add7cb7c13fb70efcb2389d0624d571aaf2c80b04117e2755a0c5d15",
                "sha256:e04aa19acc324a1a076abb4035dabe9b64badb19f76ad9c798bde39d41025cdc",
                "sha256:e1f97cd89c0fe1a0685f8f89d85fa305deb3067d0668151571ba50913e445820"
            ],
            "markers": "python_version < '3.13' and python_version >= '3.9'",
            "version": "==1.11.3"
        },
        "six": {
            "hashes": [
                "sha256:1e61c37477a1626458e36f7b1d82aa5c9b094fa4802892072e49de9c60c4c926",
                "sha256:8abb2f1d86890a2dfb989f9a77cfcfd3e47c2a354b01111771326f8aa26e0254"
            ],
            "markers": "python_version >= '2.7' and python_version not in '3.0, 3.1, 3.2, 3.3'",
            "version": "==1.16.0"
        },
        "text-unidecode": {
            "hashes": [
                "sha256:1311f10e8b895935241623731c2ba64f4c455287888b18189350b67134a822e8",
                "sha256:bad6603bb14d279193107714b288be206cac565dfa49aa5b105294dd5c4aab93"
            ],
            "version": "==1.3"
        },
        "threadpoolctl": {
            "hashes": [
                "sha256:2b7818516e423bdaebb97c723f86a7c6b0a83d3f3b0970328d66f4d9104dc032",
                "sha256:c96a0ba3bdddeaca37dc4cc7344aafad41cdb8c313f74fdfe387a867bba93355"
            ],
            "markers": "python_version >= '3.8'",
            "version": "==3.2.0"
        },
        "tqdm": {
            "hashes": [
                "sha256:d302b3c5b53d47bce91fea46679d9c3c6508cf6332229aa1e7d8653723793386",
                "sha256:d88e651f9db8d8551a62556d3cff9e3034274ca5d66e93197cf2490e2dcb69c7"
            ],
            "markers": "python_version >= '3.7'",
            "version": "==4.66.1"
        },
        "tzdata": {
            "hashes": [
                "sha256:11ef1e08e54acb0d4f95bdb1be05da659673de4acbd21bf9c69e94cc5e907a3a",
                "sha256:7e65763eef3120314099b6939b5546db7adce1e7d6f2e179e3df563c70511eda"
            ],
            "markers": "python_version >= '2'",
            "version": "==2023.3"
        },
        "urllib3": {
            "hashes": [
                "sha256:7a7c7003b000adf9e7ca2a377c9688bbc54ed41b985789ed576570342a375cd2",
                "sha256:b19e1a85d206b56d7df1d5e683df4a7725252a964e3993648dd0fb5a1c157564"
            ],
            "markers": "python_version >= '3.7'",
            "version": "==2.0.6"
        },
        "webencodings": {
            "hashes": [
                "sha256:a0af1213f3c2226497a97e2b3aa01a7e4bee4f403f95be16fc9acd2947514a78",
                "sha256:b36a1c245f2d304965eb4e0a82848379241dc04b865afcc4aab16748587e1923"
            ],
            "version": "==0.5.1"
        },
        "xgboost": {
            "hashes": [
                "sha256:0a1041718a0d7026aa51c9abc5270f22620b9ac930c0785c2178216fe073c512",
                "sha256:5bf02fa47d727eb5e8e71e39f3c21a5d46490e43b3d985e24f7a0126ef33eabc",
                "sha256:602134f13df6ac0747191febe29b020699c3ef7eae7c35bb55004b3288c21bb4",
                "sha256:a89a4504c486043dbfdad41e5f426e2a0b4e5494a5f3ca99cf7ad85a665c79e7",
                "sha256:b73b954096775b7012dec7834420e051f98c51529263b5724386858bb54300af",
                "sha256:fe83a3a47dcb56880f3957e0cdb7780d5f886007d9cd10c51a9c0a30d9e970bc"
            ],
            "index": "pypi",
            "version": "==2.0.0"
        }
    },
    "develop": {}
}
